
Microsoft Visual Studio Solution File, Format Version 12.00
# Visual Studio 2013
VisualStudioVersion = 12.0.21005.1
MinimumVisualStudioVersion = 10.0.40219.1
Project("{8BC9CEB8-8B4A-11D0-8D11-00A0C91BC942}") = "在O(1)时间复杂度删除结点", "在O(1)时间复杂度删除结点\在O(1)时间复杂度删除结点.vcxproj", "{053BABB5-25B8-4BE2-B253-19F20EE94213}"
EndProject
Global
	GlobalSection(SolutionConfigurationPlatforms) = preSolution
		Debug|Win32 = Debug|Win32
		Release|Win32 = Release|Win32
	EndGlobalSection
	GlobalSection(ProjectConfigurationPlatforms) = postSolution
		{053BABB5-25B8-4BE2-B253-19F20EE94213}.Debug|Win32.ActiveCfg = Debug|Win32
		{053BABB5-25B8-4BE2-B253-19F20EE94213}.Debug|Win32.Build.0 = Debug|Win32
		{053BABB5-25B8-4BE2-B253-19F20EE94213}.Release|Win32.ActiveCfg = Release|Win32
		{053BABB5-25B8-4BE2-B253-19F20EE94213}.Release|Win32.Build.0 = Release|Win32
	EndGlobalSection
	GlobalSection(SolutionProperties) = preSolution
		HideSolutionNode = FALSE
	EndGlobalSection
EndGlobal
