
Microsoft Visual Studio Solution File, Format Version 12.00
# Visual Studio 2013
VisualStudioVersion = 12.0.21005.1
MinimumVisualStudioVersion = 10.0.40219.1
Project("{8BC9CEB8-8B4A-11D0-8D11-00A0C91BC942}") = "prime", "prime\prime.vcxproj", "{17348742-3BD2-4CEA-A876-8BDCDB4D633C}"
EndProject
Global
	GlobalSection(SolutionConfigurationPlatforms) = preSolution
		Debug|Win32 = Debug|Win32
		Release|Win32 = Release|Win32
	EndGlobalSection
	GlobalSection(ProjectConfigurationPlatforms) = postSolution
		{17348742-3BD2-4CEA-A876-8BDCDB4D633C}.Debug|Win32.ActiveCfg = Debug|Win32
		{17348742-3BD2-4CEA-A876-8BDCDB4D633C}.Debug|Win32.Build.0 = Debug|Win32
		{17348742-3BD2-4CEA-A876-8BDCDB4D633C}.Release|Win32.ActiveCfg = Release|Win32
		{17348742-3BD2-4CEA-A876-8BDCDB4D633C}.Release|Win32.Build.0 = Release|Win32
	EndGlobalSection
	GlobalSection(SolutionProperties) = preSolution
		HideSolutionNode = FALSE
	EndGlobalSection
EndGlobal
