
Microsoft Visual Studio Solution File, Format Version 12.00
# Visual Studio 2013
VisualStudioVersion = 12.0.21005.1
MinimumVisualStudioVersion = 10.0.40219.1
Project("{8BC9CEB8-8B4A-11D0-8D11-00A0C91BC942}") = "合并两个有序链表", "合并两个有序链表\合并两个有序链表.vcxproj", "{A2026447-F6E0-4729-B261-3482976CD14A}"
EndProject
Global
	GlobalSection(SolutionConfigurationPlatforms) = preSolution
		Debug|Win32 = Debug|Win32
		Release|Win32 = Release|Win32
	EndGlobalSection
	GlobalSection(ProjectConfigurationPlatforms) = postSolution
		{A2026447-F6E0-4729-B261-3482976CD14A}.Debug|Win32.ActiveCfg = Debug|Win32
		{A2026447-F6E0-4729-B261-3482976CD14A}.Debug|Win32.Build.0 = Debug|Win32
		{A2026447-F6E0-4729-B261-3482976CD14A}.Release|Win32.ActiveCfg = Release|Win32
		{A2026447-F6E0-4729-B261-3482976CD14A}.Release|Win32.Build.0 = Release|Win32
	EndGlobalSection
	GlobalSection(SolutionProperties) = preSolution
		HideSolutionNode = FALSE
	EndGlobalSection
EndGlobal
