
Microsoft Visual Studio Solution File, Format Version 12.00
# Visual Studio 2013
VisualStudioVersion = 12.0.21005.1
MinimumVisualStudioVersion = 10.0.40219.1
Project("{8BC9CEB8-8B4A-11D0-8D11-00A0C91BC942}") = "求两个节点最近公共祖先", "求两个节点最近公共祖先\求两个节点最近公共祖先.vcxproj", "{29422C0B-E33A-4309-8B9A-AF80B445E7DD}"
EndProject
Global
	GlobalSection(SolutionConfigurationPlatforms) = preSolution
		Debug|Win32 = Debug|Win32
		Release|Win32 = Release|Win32
	EndGlobalSection
	GlobalSection(ProjectConfigurationPlatforms) = postSolution
		{29422C0B-E33A-4309-8B9A-AF80B445E7DD}.Debug|Win32.ActiveCfg = Debug|Win32
		{29422C0B-E33A-4309-8B9A-AF80B445E7DD}.Debug|Win32.Build.0 = Debug|Win32
		{29422C0B-E33A-4309-8B9A-AF80B445E7DD}.Release|Win32.ActiveCfg = Release|Win32
		{29422C0B-E33A-4309-8B9A-AF80B445E7DD}.Release|Win32.Build.0 = Release|Win32
	EndGlobalSection
	GlobalSection(SolutionProperties) = preSolution
		HideSolutionNode = FALSE
	EndGlobalSection
EndGlobal
